
Microsoft Visual Studio Solution File, Format Version 12.00
# Visual Studio 15
VisualStudioVersion = 15.0.27428.2015
MinimumVisualStudioVersion = 10.0.40219.1
Project("{FAE04EC0-301F-11D3-BF4B-00C04F79EFBC}") = "FedoroffSoft.TestMarrow.UnitTest", "UnitTest\FedoroffSoft.TestMarrow.UnitTest.csproj", "{F1101864-85BF-47C4-A891-3F0EDB959D68}"
EndProject
Project("{FAE04EC0-301F-11D3-BF4B-00C04F79EFBC}") = "FedoroffSoft.TestMarrow", "FedoroffSoft.TestMarrow\FedoroffSoft.TestMarrow.csproj", "{2A1A3794-3A8A-4097-A9FC-D7DECBD4B532}"
EndProject
Global
	GlobalSection(SolutionConfigurationPlatforms) = preSolution
		Debug|Any CPU = Debug|Any CPU
		Release|Any CPU = Release|Any CPU
	EndGlobalSection
	GlobalSection(ProjectConfigurationPlatforms) = postSolution
		{F1101864-85BF-47C4-A891-3F0EDB959D68}.Debug|Any CPU.ActiveCfg = Debug|Any CPU
		{F1101864-85BF-47C4-A891-3F0EDB959D68}.Debug|Any CPU.Build.0 = Debug|Any CPU
		{F1101864-85BF-47C4-A891-3F0EDB959D68}.Release|Any CPU.ActiveCfg = Release|Any CPU
		{F1101864-85BF-47C4-A891-3F0EDB959D68}.Release|Any CPU.Build.0 = Release|Any CPU
		{2A1A3794-3A8A-4097-A9FC-D7DECBD4B532}.Debug|Any CPU.ActiveCfg = Debug|Any CPU
		{2A1A3794-3A8A-4097-A9FC-D7DECBD4B532}.Debug|Any CPU.Build.0 = Debug|Any CPU
		{2A1A3794-3A8A-4097-A9FC-D7DECBD4B532}.Release|Any CPU.ActiveCfg = Release|Any CPU
		{2A1A3794-3A8A-4097-A9FC-D7DECBD4B532}.Release|Any CPU.Build.0 = Release|Any CPU
	EndGlobalSection
	GlobalSection(SolutionProperties) = preSolution
		HideSolutionNode = FALSE
	EndGlobalSection
	GlobalSection(ExtensibilityGlobals) = postSolution
		SolutionGuid = {57915F5D-1C55-4BCB-AD33-270217AFD594}
	EndGlobalSection
EndGlobal
